schema: '2.0'
stages:
  data_ingestion:
    cmd: python .\src\data\data_ingestion.py
    deps:
    - path: .\src\data\data_ingestion.py
      hash: md5
      md5: d88025694c7c190ad0299908771719f4
      size: 3207
    params:
      params.yaml:
        data_ingestion.test_size: 0.1
    outs:
    - path: data/raw
      hash: md5
      md5: baa43b70a6a4c8dac10639c6b987a43a.dir
      size: 827973
      nfiles: 2
  data_preprocessing:
    cmd: python .\src\data\data_preprocessing.py
    deps:
    - path: .\src\data\data_preprocessing.py
      hash: md5
      md5: eafad0caeb13907b13f63cda337463ad
      size: 4100
    - path: data/raw
      hash: md5
      md5: baa43b70a6a4c8dac10639c6b987a43a.dir
      size: 827973
      nfiles: 2
    outs:
    - path: data/processed
      hash: md5
      md5: 178a793b073b8a86449a10b83b59e8cb.dir
      size: 566210
      nfiles: 2
  feature_engineering:
    cmd: python .\src\features\feature_engineering.py
    deps:
    - path: .\src\features\feature_engineering.py
      hash: md5
      md5: 3fd9da665150f3715f4f49a6ef352f6e
      size: 3239
    - path: data/processed
      hash: md5
      md5: 178a793b073b8a86449a10b83b59e8cb.dir
      size: 566210
      nfiles: 2
    params:
      params.yaml:
        feature_engineering.max_features: 100
    outs:
    - path: data/features
      hash: md5
      md5: 9080614ce6d3c53af348492a7e1a7823.dir
      size: 4534620
      nfiles: 2
  model_building:
    cmd: python .\src\model\model_building.py
    deps:
    - path: .\src\model\model_building.py
      hash: md5
      md5: 698fcb7dd305fff69959949d5765d8d1
      size: 685
    - path: data/features
      hash: md5
      md5: 9080614ce6d3c53af348492a7e1a7823.dir
      size: 4534620
      nfiles: 2
    params:
      params.yaml:
        model_building.learning_rate: 0.1
        model_building.n_estimators: 25
    outs:
    - path: models/model.pkl
      hash: md5
      md5: 60d200724bfe77a83a3e33d5a72e897f
      size: 39633
  model_evaluation:
    cmd: python .\src\model\model_evaluation.py
    deps:
    - path: .\src\model\model_evaluation.py
      hash: md5
      md5: 40e34734b6c7d2e8f4c99d093282b36f
      size: 1052
    - path: models/model.pkl
      hash: md5
      md5: 60d200724bfe77a83a3e33d5a72e897f
      size: 39633
    outs:
    - path: metrics.json
      hash: md5
      md5: bef2d5d84e913db129b81dab391d8c25
      size: 144
